
Microsoft Visual Studio Solution File, Format Version 12.00
# Visual Studio Version 17
VisualStudioVersion = 17.1.32210.238
MinimumVisualStudioVersion = 10.0.40219.1
Project("{FAE04EC0-301F-11D3-BF4B-00C04F79EFBC}") = "kekw", "kekw\kekw.csproj", "{D89FA652-FF77-4C09-BA34-6C997437C281}"
EndProject
Global
	GlobalSection(SolutionConfigurationPlatforms) = preSolution
		Debug|Any CPU = Debug|Any CPU
		Release|Any CPU = Release|Any CPU
	EndGlobalSection
	GlobalSection(ProjectConfigurationPlatforms) = postSolution
		{D89FA652-FF77-4C09-BA34-6C997437C281}.Debug|Any CPU.ActiveCfg = Debug|Any CPU
		{D89FA652-FF77-4C09-BA34-6C997437C281}.Debug|Any CPU.Build.0 = Debug|Any CPU
		{D89FA652-FF77-4C09-BA34-6C997437C281}.Release|Any CPU.ActiveCfg = Release|Any CPU
		{D89FA652-FF77-4C09-BA34-6C997437C281}.Release|Any CPU.Build.0 = Release|Any CPU
	EndGlobalSection
	GlobalSection(SolutionProperties) = preSolution
		HideSolutionNode = FALSE
	EndGlobalSection
	GlobalSection(ExtensibilityGlobals) = postSolution
		SolutionGuid = {86372CCA-B56A-4122-BF50-72E4AEA54E6B}
	EndGlobalSection
EndGlobal
